// !$*UTF8*$!
{
	archiveVersion = 1;
	classes = {
	};
	objectVersion = 50;
	objects = {

/* Begin PBXBuildFile section */
		75888FC826E8BF3E00F1A545 /* AppDelegate.swift in Sources */ = {isa = PBXBuildFile; fileRef = 75888FC726E8BF3E00F1A545 /* AppDelegate.swift */; };
		75888FCA26E8BF3E00F1A545 /* SceneDelegate.swift in Sources */ = {isa = PBXBuildFile; fileRef = 75888FC926E8BF3E00F1A545 /* SceneDelegate.swift */; };
		75888FCC26E8BF3E00F1A545 /* ViewController.swift in Sources */ = {isa = PBXBuildFile; fileRef = 75888FCB26E8BF3E00F1A545 /* ViewController.swift */; };
		75888FCF26E8BF3E00F1A545 /* Main.storyboard in Resources */ = {isa = PBXBuildFile; fileRef = 75888FCD26E8BF3E00F1A545 /* Main.storyboard */; };
		75888FD126E8BF4300F1A545 /* Assets.xcassets in Resources */ = {isa = PBXBuildFile; fileRef = 75888FD026E8BF4300F1A545 /* Assets.xcassets */; };
		75888FD426E8BF4300F1A545 /* LaunchScreen.storyboard in Resources */ = {isa = PBXBuildFile; fileRef = 75888FD226E8BF4300F1A545 /* LaunchScreen.storyboard */; };
		75888FDD26E8BFD300F1A545 /* CollectionViewCell.swift in Sources */ = {isa = PBXBuildFile; fileRef = 75888FDB26E8BFD300F1A545 /* CollectionViewCell.swift */; };
		75888FDE26E8BFD300F1A545 /* CollectionViewCell.xib in Resources */ = {isa = PBXBuildFile; fileRef = 75888FDC26E8BFD300F1A545 /* CollectionViewCell.xib */; };
/* End PBXBuildFile section */

/* Begin PBXFileReference section */
		75888FC426E8BF3E00F1A545 /* CollectionViewHorizontalPractice.app */ = {isa = PBXFileReference; explicitFileType = wrapper.application; includeInIndex = 0; path = CollectionViewHorizontalPractice.app; sourceTree = BUILT_PRODUCTS_DIR; };
		75888FC726E8BF3E00F1A545 /* AppDelegate.swift */ = {isa = PBXFileReference; lastKnownFileType = sourcecode.swift; path = AppDelegate.swift; sourceTree = "<group>"; };
		75888FC926E8BF3E00F1A545 /* SceneDelegate.swift */ = {isa = PBXFileReference; lastKnownFileType = sourcecode.swift; path = SceneDelegate.swift; sourceTree = "<group>"; };
		75888FCB26E8BF3E00F1A545 /* ViewController.swift */ = {isa = PBXFileReference; lastKnownFileType = sourcecode.swift; path = ViewController.swift; sourceTree = "<group>"; };
		75888FCE26E8BF3E00F1A545 /* Base */ = {isa = PBXFileReference; lastKnownFileType = file.storyboard; name = Base; path = Base.lproj/Main.storyboard; sourceTree = "<group>"; };
		75888FD026E8BF4300F1A545 /* Assets.xcassets */ = {isa = PBXFileReference; lastKnownFileType = folder.assetcatalog; path = Assets.xcassets; sourceTree = "<group>"; };
		75888FD326E8BF4300F1A545 /* Base */ = {isa = PBXFileReference; lastKnownFileType = file.storyboard; name = Base; path = Base.lproj/LaunchScreen.storyboard; sourceTree = "<group>"; };
		75888FD526E8BF4300F1A545 /* Info.plist */ = {isa = PBXFileReference; lastKnownFileType = text.plist.xml; path = Info.plist; sourceTree = "<group>"; };
		75888FDB26E8BFD300F1A545 /* CollectionViewCell.swift */ = {isa = PBXFileReference; lastKnownFileType = sourcecode.swift; path = CollectionViewCell.swift; sourceTree = "<group>"; };
		75888FDC26E8BFD300F1A545 /* CollectionViewCell.xib */ = {isa = PBXFileReference; lastKnownFileType = file.xib; path = CollectionViewCell.xib; sourceTree = "<group>"; };
/* End PBXFileReference section */

/* Begin PBXFrameworksBuildPhase section */
		75888FC126E8BF3E00F1A545 /* Frameworks */ = {
			isa = PBXFrameworksBuildPhase;
			buildActionMask = 2147483647;
			files = (
			);
			runOnlyForDeploymentPostprocessing = 0;
		};
/* End PBXFrameworksBuildPhase section */

/* Begin PBXGroup section */
		75888FBB26E8BF3E00F1A545 = {
			isa = PBXGroup;
			children = (
				75888FC626E8BF3E00F1A545 /* CollectionViewHorizontalPractice */,
				75888FC526E8BF3E00F1A545 /* Products */,
			);
			sourceTree = "<group>";
		};
		75888FC526E8BF3E00F1A545 /* Products */ = {
			isa = PBXGroup;
			children = (
				75888FC426E8BF3E00F1A545 /* CollectionViewHorizontalPractice.app */,
			);
			name = Products;
			sourceTree = "<group>";
		};
		75888FC626E8BF3E00F1A545 /* CollectionViewHorizontalPractice */ = {
			isa = PBXGroup;
			children = (
				75888FC726E8BF3E00F1A545 /* AppDelegate.swift */,
				75888FC926E8BF3E00F1A545 /* SceneDelegate.swift */,
				75888FCB26E8BF3E00F1A545 /* ViewController.swift */,
				75888FCD26E8BF3E00F1A545 /* Main.storyboard */,
				75888FD026E8BF4300F1A545 /* Assets.xcassets */,
				75888FD226E8BF4300F1A545 /* LaunchScreen.storyboard */,
				75888FD526E8BF4300F1A545 /* Info.plist */,
				75888FDB26E8BFD300F1A545 /* CollectionViewCell.swift */,
				75888FDC26E8BFD300F1A545 /* CollectionViewCell.xib */,
			);
			path = CollectionViewHorizontalPractice;
			sourceTree = "<group>";
		};
/* End PBXGroup section */

/* Begin PBXNativeTarget section */
		75888FC326E8BF3E00F1A545 /* CollectionViewHorizontalPractice */ = {
			isa = PBXNativeTarget;
			buildConfigurationList = 75888FD826E8BF4300F1A545 /* Build configuration list for PBXNativeTarget "CollectionViewHorizontalPractice" */;
			buildPhases = (
				75888FC026E8BF3E00F1A545 /* Sources */,
				75888FC126E8BF3E00F1A545 /* Frameworks */,
				75888FC226E8BF3E00F1A545 /* Resources */,
			);
			buildRules = (
			);
			dependencies = (
			);
			name = CollectionViewHorizontalPractice;
			productName = CollectionViewHorizontalPractice;
			productReference = 75888FC426E8BF3E00F1A545 /* CollectionViewHorizontalPractice.app */;
			productType = "com.apple.product-type.application";
		};
/* End PBXNativeTarget section */

/* Begin PBXProject section */
		75888FBC26E8BF3E00F1A545 /* Project object */ = {
			isa = PBXProject;
			attributes = {
				LastSwiftUpdateCheck = 1250;
				LastUpgradeCheck = 1250;
				TargetAttributes = {
					75888FC326E8BF3E00F1A545 = {
						CreatedOnToolsVersion = 12.5.1;
					};
				};
			};
			buildConfigurationList = 75888FBF26E8BF3E00F1A545 /* Build configuration list for PBXProject "CollectionViewHorizontalPractice" */;
			compatibilityVersion = "Xcode 9.3";
			developmentRegion = en;
			hasScannedForEncodings = 0;
			knownRegions = (
				en,
				Base,
			);
			mainGroup = 75888FBB26E8BF3E00F1A545;
			productRefGroup = 75888FC526E8BF3E00F1A545 /* Products */;
			projectDirPath = "";
			projectRoot = "";
			targets = (
				75888FC326E8BF3E00F1A545 /* CollectionViewHorizontalPractice */,
			);
		};
/* End PBXProject section */

/* Begin PBXResourcesBuildPhase section */
		75888FC226E8BF3E00F1A545 /* Resources */ = {
			isa = PBXResourcesBuildPhase;
			buildActionMask = 2147483647;
			files = (
				75888FD426E8BF4300F1A545 /* LaunchScreen.storyboard in Resources */,
				75888FD126E8BF4300F1A545 /* Assets.xcassets in Resources */,
				75888FDE26E8BFD300F1A545 /* CollectionViewCell.xib in Resources */,
				75888FCF26E8BF3E00F1A545 /* Main.storyboard in Resources */,
			);
			runOnlyForDeploymentPostprocessing = 0;
		};
/* End PBXResourcesBuildPhase section */

/* Begin PBXSourcesBuildPhase section */
		75888FC026E8BF3E00F1A545 /* Sources */ = {
			isa = PBXSourcesBuildPhase;
			buildActionMask = 2147483647;
			files = (
				75888FCC26E8BF3E00F1A545 /* ViewController.swift in Sources */,
				75888FC826E8BF3E00F1A545 /* AppDelegate.swift in Sources */,
				75888FDD26E8BFD300F1A545 /* CollectionViewCell.swift in Sources */,
				75888FCA26E8BF3E00F1A545 /* SceneDelegate.swift in Sources */,
			);
			runOnlyForDeploymentPostprocessing = 0;
		};
/* End PBXSourcesBuildPhase section */

/* Begin PBXVariantGroup section */
		75888FCD26E8BF3E00F1A545 /* Main.storyboard */ = {
			isa = PBXVariantGroup;
			children = (
				75888FCE26E8BF3E00F1A545 /* Base */,
			);
			name = Main.storyboard;
			sourceTree = "<group>";
		};
		75888FD226E8BF4300F1A545 /* LaunchScreen.storyboard */ = {
			isa = PBXVariantGroup;
			children = (
				75888FD326E8BF4300F1A545 /* Base */,
			);
			name = LaunchScreen.storyboard;
			sourceTree = "<group>";
		};
/* End PBXVariantGroup section */

/* Begin XCBuildConfiguration section */
		75888FD626E8BF4300F1A545 /* Debug */ = {
			isa = XCBuildConfiguration;
			buildSettings = {
				ALWAYS_SEARCH_USER_PATHS = NO;
				CLANG_ANALYZER_NONNULL = YES;
				CLANG_ANALYZER_NUMBER_OBJECT_CONVERSION = YES_AGGRESSIVE;
				CLANG_CXX_LANGUAGE_STANDARD = "gnu++14";
				CLANG_CXX_LIBRARY = "libc++";
				CLANG_ENABLE_MODULES = YES;
				CLANG_ENABLE_OBJC_ARC = YES;
				CLANG_ENABLE_OBJC_WEAK = YES;
				CLANG_WARN_BLOCK_CAPTURE_AUTORELEASING = YES;
				CLANG_WARN_BOOL_CONVERSION = YES;
				CLANG_WARN_COMMA = YES;
				CLANG_WARN_CONSTANT_CONVERSION = YES;
				CLANG_WARN_DEPRECATED_OBJC_IMPLEMENTATIONS = YES;
				CLANG_WARN_DIRECT_OBJC_ISA_USAGE = YES_ERROR;
				CLANG_WARN_DOCUMENTATION_COMMENTS = YES;
				CLANG_WARN_EMPTY_BODY = YES;
				CLANG_WARN_ENUM_CONVERSION = YES;
				CLANG_WARN_INFINITE_RECURSION = YES;
				CLANG_WARN_INT_CONVERSION = YES;
				CLANG_WARN_NON_LITERAL_NULL_CONVERSION = YES;
				CLANG_WARN_OBJC_IMPLICIT_RETAIN_SELF = YES;
				CLANG_WARN_OBJC_LITERAL_CONVERSION = YES;
				CLANG_WARN_OBJC_ROOT_CLASS = YES_ERROR;
				CLANG_WARN_QUOTED_INCLUDE_IN_FRAMEWORK_HEADER = YES;
				CLANG_WARN_RANGE_LOOP_ANALYSIS = YES;
				CLANG_WARN_STRICT_PROTOTYPES = YES;
				CLANG_WARN_SUSPICIOUS_MOVE = YES;
				CLANG_WARN_UNGUARDED_AVAILABILITY = YES_AGGRESSIVE;
				CLANG_WARN_UNREACHABLE_CODE = YES;
				CLANG_WARN__DUPLICATE_METHOD_MATCH = YES;
				COPY_PHASE_STRIP = NO;
				DEBUG_INFORMATION_FORMAT = dwarf;
				ENABLE_STRICT_OBJC_MSGSEND = YES;
				ENABLE_TESTABILITY = YES;
				GCC_C_LANGUAGE_STANDARD = gnu11;
				GCC_DYNAMIC_NO_PIC = NO;
				GCC_NO_COMMON_BLOCKS = YES;
				GCC_OPTIMIZATION_LEVEL = 0;
				GCC_PREPROCESSOR_DEFINITIONS = (
					"DEBUG=1",
					"$(inherited)",
				);
				GCC_WARN_64_TO_32_BIT_CONVERSION = YES;
				GCC_WARN_ABOUT_RETURN_TYPE = YES_ERROR;
				GCC_WARN_UNDECLARED_SELECTOR = YES;
				GCC_WARN_UNINITIALIZED_AUTOS = YES_AGGRESSIVE;
				GCC_WARN_UNUSED_FUNCTION = YES;
				GCC_WARN_UNUSED_VARIABLE = YES;
				IPHONEOS_DEPLOYMENT_TARGET = 14.5;
				MTL_ENABLE_DEBUG_INFO = INCLUDE_SOURCE;
				MTL_FAST_MATH = YES;
				ONLY_ACTIVE_ARCH = YES;
				SDKROOT = iphoneos;
				SWIFT_ACTIVE_COMPILATION_CONDITIONS = DEBUG;
				SWIFT_OPTIMIZATION_LEVEL = "-Onone";
			};
			name = Debug;
		};
		75888FD726E8BF4300F1A545 /* Release */ = {
			isa = XCBuildConfiguration;
			buildSettings = {
				ALWAYS_SEARCH_USER_PATHS = NO;
				CLANG_ANALYZER_NONNULL = YES;
				CLANG_ANALYZER_NUMBER_OBJECT_CONVERSION = YES_AGGRESSIVE;
				CLANG_CXX_LANGUAGE_STANDARD = "gnu++14";
				CLANG_CXX_LIBRARY = "libc++";
				CLANG_ENABLE_MODULES = YES;
				CLANG_ENABLE_OBJC_ARC = YES;
				CLANG_ENABLE_OBJC_WEAK = YES;
				CLANG_WARN_BLOCK_CAPTURE_AUTORELEASING = YES;
				CLANG_WARN_BOOL_CONVERSION = YES;
				CLANG_WARN_COMMA = YES;
				CLANG_WARN_CONSTANT_CONVERSION = YES;
				CLANG_WARN_DEPRECATED_OBJC_IMPLEMENTATIONS = YES;
				CLANG_WARN_DIRECT_OBJC_ISA_USAGE = YES_ERROR;
				CLANG_WARN_DOCUMENTATION_COMMENTS = YES;
				CLANG_WARN_EMPTY_BODY = YES;
				CLANG_WARN_ENUM_CONVERSION = YES;
				CLANG_WARN_INFINITE_RECURSION = YES;
				CLANG_WARN_INT_CONVERSION = YES;
				CLANG_WARN_NON_LITERAL_NULL_CONVERSION = YES;
				CLANG_WARN_OBJC_IMPLICIT_RETAIN_SELF = YES;
				CLANG_WARN_OBJC_LITERAL_CONVERSION = YES;
				CLANG_WARN_OBJC_ROOT_CLASS = YES_ERROR;
				CLANG_WARN_QUOTED_INCLUDE_IN_FRAMEWORK_HEADER = YES;
				CLANG_WARN_RANGE_LOOP_ANALYSIS = YES;
				CLANG_WARN_STRICT_PROTOTYPES = YES;
				CLANG_WARN_SUSPICIOUS_MOVE = YES;
				CLANG_WARN_UNGUARDED_AVAILABILITY = YES_AGGRESSIVE;
				CLANG_WARN_UNREACHABLE_CODE = YES;
				CLANG_WARN__DUPLICATE_METHOD_MATCH = YES;
				COPY_PHASE_STRIP = NO;
				DEBUG_INFORMATION_FORMAT = "dwarf-with-dsym";
				ENABLE_NS_ASSERTIONS = NO;
				ENABLE_STRICT_OBJC_MSGSEND = YES;
				GCC_C_LANGUAGE_STANDARD = gnu11;
				GCC_NO_COMMON_BLOCKS = YES;
				GCC_WARN_64_TO_32_BIT_CONVERSION = YES;
				GCC_WARN_ABOUT_RETURN_TYPE = YES_ERROR;
				GCC_WARN_UNDECLARED_SELECTOR = YES;
				GCC_WARN_UNINITIALIZED_AUTOS = YES_AGGRESSIVE;
				GCC_WARN_UNUSED_FUNCTION = YES;
				GCC_WARN_UNUSED_VARIABLE = YES;
				IPHONEOS_DEPLOYMENT_TARGET = 14.5;
				MTL_ENABLE_DEBUG_INFO = NO;
				MTL_FAST_MATH = YES;
				SDKROOT = iphoneos;
				SWIFT_COMPILATION_MODE = wholemodule;
				SWIFT_OPTIMIZATION_LEVEL = "-O";
				VALIDATE_PRODUCT = YES;
			};
			name = Release;
		};
		75888FD926E8BF4300F1A545 /* Debug */ = {
			isa = XCBuildConfiguration;
			buildSettings = {
				ASSETCATALOG_COMPILER_APPICON_NAME = AppIcon;
				ASSETCATALOG_COMPILER_GLOBAL_ACCENT_COLOR_NAME = AccentColor;
				CODE_SIGN_STYLE = Automatic;
				DEVELOPMENT_TEAM = N53995CJPD;
				INFOPLIST_FILE = CollectionViewHorizontalPractice/Info.plist;
				LD_RUNPATH_SEARCH_PATHS = (
					"$(inherited)",
					"@executable_path/Frameworks",
				);
				PRODUCT_BUNDLE_IDENTIFIER = com.tatsuo.CollectionViewHorizontalPractice;
				PRODUCT_NAME = "$(TARGET_NAME)";
				SWIFT_VERSION = 5.0;
				TARGETED_DEVICE_FAMILY = "1,2";
			};
			name = Debug;
		};
		75888FDA26E8BF4300F1A545 /* Release */ = {
			isa = XCBuildConfiguration;
			buildSettings = {
				ASSETCATALOG_COMPILER_APPICON_NAME = AppIcon;
				ASSETCATALOG_COMPILER_GLOBAL_ACCENT_COLOR_NAME = AccentColor;
				CODE_SIGN_STYLE = Automatic;
				DEVELOPMENT_TEAM = N53995CJPD;
				INFOPLIST_FILE = CollectionViewHorizontalPractice/Info.plist;
				LD_RUNPATH_SEARCH_PATHS = (
					"$(inherited)",
					"@executable_path/Frameworks",
				);
				PRODUCT_BUNDLE_IDENTIFIER = com.tatsuo.CollectionViewHorizontalPractice;
				PRODUCT_NAME = "$(TARGET_NAME)";
				SWIFT_VERSION = 5.0;
				TARGETED_DEVICE_FAMILY = "1,2";
			};
			name = Release;
		};
/* End XCBuildConfiguration section */

/* Begin XCConfigurationList section */
		75888FBF26E8BF3E00F1A545 /* Build configuration list for PBXProject "CollectionViewHorizontalPractice" */ = {
			isa = XCConfigurationList;
			buildConfigurations = (
				75888FD626E8BF4300F1A545 /* Debug */,
				75888FD726E8BF4300F1A545 /* Release */,
			);
			defaultConfigurationIsVisible = 0;
			defaultConfigurationName = Release;
		};
		75888FD826E8BF4300F1A545 /* Build configuration list for PBXNativeTarget "CollectionViewHorizontalPractice" */ = {
			isa = XCConfigurationList;
			buildConfigurations = (
				75888FD926E8BF4300F1A545 /* Debug */,
				75888FDA26E8BF4300F1A545 /* Release */,
			);
			defaultConfigurationIsVisible = 0;
			defaultConfigurationName = Release;
		};
/* End XCConfigurationList section */
	};
	rootObject = 75888FBC26E8BF3E00F1A545 /* Project object */;
}
